version = 1
revision = 3
requires-python = "==3.13.*"

[[package]]
name = "nuitka"
version = "4.0.1"
source = { registry = "https://pypi.org/simple" }
sdist = { url = "https://files.pythonhosted.org/packages/bf/f2/26729cc4e2a893dcabdab4f171e43b2d082756fde1af7cde31f616fc3a31/nuitka-4.0.1.tar.gz", hash = "sha256:8a8dedd549049a145e1545206a082bfbe0bc610457a71d837e560e7cf015635c", size = 4417011, upload-time = "2026-02-14T20:51:34.903Z" }

[[package]]
name = "pyside6"
version = "6.7.2"
source = { registry = "https://pypi.org/simple" }
dependencies = [
    { name = "pyside6-addons" },
    { name = "pyside6-essentials" },
    { name = "shiboken6" },
]
wheels = [
    { url = "https://files.pythonhosted.org/packages/df/57/69b9104f6a30a7f2c0ed78c425304ab964e9b10907b5e1d9d744dd1f714e/PySide6-6.7.2-cp39-abi3-macosx_11_0_universal2.whl", hash = "sha256:602debef9ec159b0db48f83b38a0e43e2dad3961f7d99f708d98620f04e9112b", size = 530200, upload-time = "2024-06-18T16:07:06.71Z" },
    { url = "https://files.pythonhosted.org/packages/34/a6/278c7ed2f76ccfa471c49eb66538243dc0d892fe481b9b6a8bbad8846ba0/PySide6-6.7.2-cp39-abi3-manylinux_2_28_x86_64.whl", hash = "sha256:15e7696a09072ee977f6e6179ab1e48184953df8417bcaa83cfadf0b79747242", size = 530812, upload-time = "2024-06-18T16:07:09.999Z" },
    { url = "https://files.pythonhosted.org/packages/71/d7/794d490899f0118b2a40221508e4fd7ea67ffd6e790a627a39e7582841cb/PySide6-6.7.2-cp39-abi3-manylinux_2_31_aarch64.whl", hash = "sha256:6e0acb471535de303f56e3077aa86f53496b4de659b99ecce80520bcee508a63", size = 530721, upload-time = "2024-06-18T16:07:14.875Z" },
    { url = "https://files.pythonhosted.org/packages/c2/ee/15cb7e277b3c88806d9baaa334b7923b2f1bdc461b38461bc70d368a8481/PySide6-6.7.2-cp39-abi3-win_amd64.whl", hash = "sha256:f73ae0de77d67f51ca3ce8207b12d3a5fa0107d3d5b6e4aeb3b53ee842b0927a", size = 537990, upload-time = "2024-06-18T16:07:17.426Z" },
]

[[package]]
name = "pyside6-addons"
version = "6.7.2"
source = { registry = "https://pypi.org/simple" }
dependencies = [
    { name = "pyside6-essentials" },
    { name = "shiboken6" },
]
wheels = [
    { url = "https://files.pythonhosted.org/packages/3f/8f/8ba019ec6e413c48e2852efea35215d2a340dd0285701712f017dc7ca698/PySide6_Addons-6.7.2-cp39-abi3-macosx_11_0_universal2.whl", hash = "sha256:90b995efce61058d995c603ea480a9a3054fe8206739dcbc273fc3b53d40650f", size = 258221435, upload-time = "2024-06-18T15:51:53.321Z" },
    { url = "https://files.pythonhosted.org/packages/7f/f2/2128d3876f0c45fcb73000b272be64e1f3b1189f77d79820d7a706051e55/PySide6_Addons-6.7.2-cp39-abi3-manylinux_2_28_x86_64.whl", hash = "sha256:94b9bf6a2a4a7ac671e1776633e50d51326c86f4184f1c6e556f4dd5498fd52a", size = 137499800, upload-time = "2024-06-18T15:53:32.307Z" },
    { url = "https://files.pythonhosted.org/packages/e8/3c/6250b74da83a8a8a26c27d8a3041a31880b20ede88d004ef9dbe49d108bc/PySide6_Addons-6.7.2-cp39-abi3-manylinux_2_31_aarch64.whl", hash = "sha256:22979b1aa09d9cf1d7a86c8a9aa0cb4791d6bd1cc94f96c5b6780c5ef8a9e34e", size = 122681790, upload-time = "2024-06-18T15:55:33.728Z" },
    { url = "https://files.pythonhosted.org/packages/8a/47/35794fc8c8cab42d924ac0287dfe489201c3743066a1eea34cdde2926cc1/PySide6_Addons-6.7.2-cp39-abi3-win_amd64.whl", hash = "sha256:ebf549eb25998665d8e4ec24014fbbd37bebc5ecdcb050b34db1e1c03e1bf81d", size = 123043845, upload-time = "2024-06-18T15:56:50.158Z" },
]

[[package]]
name = "pyside6-essentials"
version = "6.7.2"
source = { registry = "https://pypi.org/simple" }
dependencies = [
    { name = "shiboken6" },
]
wheels = [
    { url = "https://files.pythonhosted.org/packages/3f/41/c97a442a9e334e0c8025465ee63d7b303c5ab42a1e323c2b9cebca58a936/PySide6_Essentials-6.7.2-cp39-abi3-macosx_11_0_universal2.whl", hash = "sha256:4d13666e796ec140ecfb432c4f3d7baef6dfafc11929985a83b22c0025532fb7", size = 153954994, upload-time = "2024-06-18T15:58:28.029Z" },
    { url = "https://files.pythonhosted.org/packages/75/be/527e41a7744142d931e46685dd9c2bdfff39432962abf8a5263be319c2cb/PySide6_Essentials-6.7.2-cp39-abi3-manylinux_2_28_x86_64.whl", hash = "sha256:a1a4c09f1e916b9cfe53151fe4a503a6acb1f6621ba28204d1bfe636f80d6780", size = 87668883, upload-time = "2024-06-18T15:59:40.518Z" },
    { url = "https://files.pythonhosted.org/packages/42/e0/40994873471ab7fabbff098560a9fe0c08a2182c2eb501e31b1148e7bd44/PySide6_Essentials-6.7.2-cp39-abi3-manylinux_2_31_aarch64.whl", hash = "sha256:9135513e1c4c6e2fbb1e4f9afcb3d42e54708b0d9ed870cb3213ea4874cafa1e", size = 87969972, upload-time = "2024-06-18T16:00:20.849Z" },
    { url = "https://files.pythonhosted.org/packages/69/55/cff72ecb1d36422e7f41f8d64d49c7c7e1f8dc6648e2b30ba72950883444/PySide6_Essentials-6.7.2-cp39-abi3-win_amd64.whl", hash = "sha256:0111d5fa8cf826de3ca9d82fed54726cce116d57f454f88a6467578652032d69", size = 78946678, upload-time = "2024-06-18T16:01:14.365Z" },
]

[[package]]
name = "shiboken6"
version = "6.7.2"
source = { registry = "https://pypi.org/simple" }
wheels = [
    { url = "https://files.pythonhosted.org/packages/64/d4/01c4b37fe224c0d3200a060bfbc1bb912a2a36995178f2dabb19f4a12ff7/shiboken6-6.7.2-cp39-abi3-macosx_11_0_universal2.whl", hash = "sha256:50c33ac6317b673a1eb97a9abaafccb162c4ba0c9ca658a8e449c49a8aadc379", size = 387480, upload-time = "2024-06-18T16:06:45.227Z" },
    { url = "https://files.pythonhosted.org/packages/57/ba/3e38bb62b285d73e46a86f44e7765cea5c42a79b0bba867dfabbdd12b54d/shiboken6-6.7.2-cp39-abi3-manylinux_2_28_x86_64.whl", hash = "sha256:70e80737b27cd5d83504b373013b55e70462bd4a27217d919ff9a83958731990", size = 188970, upload-time = "2024-06-18T16:06:50.391Z" },
    { url = "https://files.pythonhosted.org/packages/7c/bb/06a19d1b00d46b3840595e43d7fa648b21683e4e98c4a69d0ea06aaf5e7f/shiboken6-6.7.2-cp39-abi3-manylinux_2_31_aarch64.whl", hash = "sha256:98bedf9a15f1d8ba1af3e4d1e7527f7946ce36da541e08074fd9dc9ab5ff1adf", size = 177052, upload-time = "2024-06-18T16:06:54.794Z" },
    { url = "https://files.pythonhosted.org/packages/11/9f/50ed659cbce4664374707bf416e2fac2ff94de3253ab093d5dee7f53e02f/shiboken6-6.7.2-cp39-abi3-win_amd64.whl", hash = "sha256:9024e6afb2af1568ebfc8a5d07e4ff6c8829f40923eeb28901f535463e2b6b65", size = 1090289, upload-time = "2024-06-18T16:06:59.451Z" },
]

[[package]]
name = "untitled"
version = "0.1.0"
source = { virtual = "." }
dependencies = [
    { name = "pyside6" },
]

[package.dev-dependencies]
dev = [
    { name = "nuitka" },
]

[package.metadata]
requires-dist = [{ name = "pyside6", specifier = "==6.7.2" }]

[package.metadata.requires-dev]
dev = [{ name = "nuitka", specifier = "==4.0.1" }]
